
Microsoft Visual Studio Solution File, Format Version 12.00
# Visual Studio Version 17
VisualStudioVersion = 17.10.35122.118
MinimumVisualStudioVersion = 10.0.40219.1
Project("{FAE04EC0-301F-11D3-BF4B-00C04F79EFBC}") = "Rp2", "Rp2.csproj", "{23C14E93-F9D9-46C0-87FF-2E1AFEB0750D}"
EndProject
Global
	GlobalSection(SolutionConfigurationPlatforms) = preSolution
		Debug|Any CPU = Debug|Any CPU
		Release|Any CPU = Release|Any CPU
	EndGlobalSection
	GlobalSection(ProjectConfigurationPlatforms) = postSolution
		{23C14E93-F9D9-46C0-87FF-2E1AFEB0750D}.Debug|Any CPU.ActiveCfg = Debug|Any CPU
		{23C14E93-F9D9-46C0-87FF-2E1AFEB0750D}.Debug|Any CPU.Build.0 = Debug|Any CPU
		{23C14E93-F9D9-46C0-87FF-2E1AFEB0750D}.Release|Any CPU.ActiveCfg = Release|Any CPU
		{23C14E93-F9D9-46C0-87FF-2E1AFEB0750D}.Release|Any CPU.Build.0 = Release|Any CPU
	EndGlobalSection
	GlobalSection(SolutionProperties) = preSolution
		HideSolutionNode = FALSE
	EndGlobalSection
	GlobalSection(ExtensibilityGlobals) = postSolution
		SolutionGuid = {4BD233BC-FB6F-4D8E-B8EF-0A848A47D63C}
	EndGlobalSection
EndGlobal
